
Microsoft Visual Studio Solution File, Format Version 12.00
# Visual Studio Version 16
VisualStudioVersion = 16.0.30611.23
MinimumVisualStudioVersion = 10.0.40219.1
Project("{FAE04EC0-301F-11D3-BF4B-00C04F79EFBC}") = "FinalTask", "FinalTask\FinalTask.csproj", "{324544D3-EEA3-43C4-8BC1-F2E2B97C55A9}"
EndProject
Global
	GlobalSection(SolutionConfigurationPlatforms) = preSolution
		Debug|Any CPU = Debug|Any CPU
		Release|Any CPU = Release|Any CPU
	EndGlobalSection
	GlobalSection(ProjectConfigurationPlatforms) = postSolution
		{324544D3-EEA3-43C4-8BC1-F2E2B97C55A9}.Debug|Any CPU.ActiveCfg = Debug|Any CPU
		{324544D3-EEA3-43C4-8BC1-F2E2B97C55A9}.Debug|Any CPU.Build.0 = Debug|Any CPU
		{324544D3-EEA3-43C4-8BC1-F2E2B97C55A9}.Release|Any CPU.ActiveCfg = Release|Any CPU
		{324544D3-EEA3-43C4-8BC1-F2E2B97C55A9}.Release|Any CPU.Build.0 = Release|Any CPU
	EndGlobalSection
	GlobalSection(SolutionProperties) = preSolution
		HideSolutionNode = FALSE
	EndGlobalSection
	GlobalSection(ExtensibilityGlobals) = postSolution
		SolutionGuid = {7E5044D4-32C7-4488-B910-3F6FF2F212B1}
	EndGlobalSection
EndGlobal
